// !$*UTF8*$!
{
	archiveVersion = 1;
	classes = {
	};
	objectVersion = 46;
	objects = {

/* Begin PBXBuildFile section */
		150FFDD41C78288F0090B436 /* UIColor+Hex.swift in Sources */ = {isa = PBXBuildFile; fileRef = 150FFDD31C78288F0090B436 /* UIColor+Hex.swift */; };
		150FFDD71C7829830090B436 /* NavigationController.swift in Sources */ = {isa = PBXBuildFile; fileRef = 150FFDD61C7829830090B436 /* NavigationController.swift */; };
		150FFDDA1C7829DA0090B436 /* SongCellBackground.swift in Sources */ = {isa = PBXBuildFile; fileRef = 150FFDD91C7829DA0090B436 /* SongCellBackground.swift */; };
		150FFDEA1C78375C0090B436 /* NetworkFacade.swift in Sources */ = {isa = PBXBuildFile; fileRef = 150FFDE61C78375C0090B436 /* NetworkFacade.swift */; };
		150FFDEB1C78375C0090B436 /* NetworkingAccessor.swift in Sources */ = {isa = PBXBuildFile; fileRef = 150FFDE71C78375C0090B436 /* NetworkingAccessor.swift */; };
		150FFDEC1C78375C0090B436 /* NetworkObjects.swift in Sources */ = {isa = PBXBuildFile; fileRef = 150FFDE81C78375C0090B436 /* NetworkObjects.swift */; };
		150FFDED1C78375C0090B436 /* RestNetworkAccessor.swift in Sources */ = {isa = PBXBuildFile; fileRef = 150FFDE91C78375C0090B436 /* RestNetworkAccessor.swift */; };
		150FFDF91C7850F30090B436 /* ViewController.swift in Sources */ = {isa = PBXBuildFile; fileRef = 150FFDF81C7850F30090B436 /* ViewController.swift */; };
		150FFDFB1C78604F0090B436 /* String+JSON.swift in Sources */ = {isa = PBXBuildFile; fileRef = 150FFDFA1C78604F0090B436 /* String+JSON.swift */; };
		150FFDFE1C7867760090B436 /* SwiftyJSON.framework in Frameworks */ = {isa = PBXBuildFile; fileRef = 150FFDFC1C78676D0090B436 /* SwiftyJSON.framework */; };
		150FFDFF1C7867760090B436 /* SwiftyJSON.framework in Embed Frameworks */ = {isa = PBXBuildFile; fileRef = 150FFDFC1C78676D0090B436 /* SwiftyJSON.framework */; settings = {ATTRIBUTES = (CodeSignOnCopy, RemoveHeadersOnCopy, ); }; };
		150FFE011C78C3300090B436 /* SocketTesterViewController.swift in Sources */ = {isa = PBXBuildFile; fileRef = 150FFE001C78C3300090B436 /* SocketTesterViewController.swift */; };
		150FFE031C78C4D30090B436 /* SocketMessageParser.swift in Sources */ = {isa = PBXBuildFile; fileRef = 150FFE021C78C4D30090B436 /* SocketMessageParser.swift */; };
		150FFE051C78CEBA0090B436 /* NSError+LocalizedDescription.swift in Sources */ = {isa = PBXBuildFile; fileRef = 150FFE041C78CEBA0090B436 /* NSError+LocalizedDescription.swift */; };
		1581CAEB1C7950D400A6DD48 /* SongManager.swift in Sources */ = {isa = PBXBuildFile; fileRef = 1581CAEA1C7950D400A6DD48 /* SongManager.swift */; };
		158D7F111C7827B900FDEA56 /* Constants.swift in Sources */ = {isa = PBXBuildFile; fileRef = 158D7F101C7827B900FDEA56 /* Constants.swift */; };
		6E4645431C781FC70036BAA2 /* AppDelegate.swift in Sources */ = {isa = PBXBuildFile; fileRef = 6E4645421C781FC70036BAA2 /* AppDelegate.swift */; };
		6E4645481C781FC70036BAA2 /* Main.storyboard in Resources */ = {isa = PBXBuildFile; fileRef = 6E4645461C781FC70036BAA2 /* Main.storyboard */; };
		6E46454A1C781FC70036BAA2 /* Assets.xcassets in Resources */ = {isa = PBXBuildFile; fileRef = 6E4645491C781FC70036BAA2 /* Assets.xcassets */; };
		6E46454D1C781FC70036BAA2 /* LaunchScreen.storyboard in Resources */ = {isa = PBXBuildFile; fileRef = 6E46454B1C781FC70036BAA2 /* LaunchScreen.storyboard */; };
		6E4645551C7823230036BAA2 /* SessionManager.swift in Sources */ = {isa = PBXBuildFile; fileRef = 6E4645541C7823230036BAA2 /* SessionManager.swift */; };
		6E4645661C7833D30036BAA2 /* Starscream.framework in Frameworks */ = {isa = PBXBuildFile; fileRef = 158D7F0E1C7826E900FDEA56 /* Starscream.framework */; };
		6E4645671C7833D30036BAA2 /* Starscream.framework in Embed Frameworks */ = {isa = PBXBuildFile; fileRef = 158D7F0E1C7826E900FDEA56 /* Starscream.framework */; settings = {ATTRIBUTES = (CodeSignOnCopy, RemoveHeadersOnCopy, ); }; };
		6E4645681C7833D30036BAA2 /* Alamofire.framework in Frameworks */ = {isa = PBXBuildFile; fileRef = 158D7F091C78244E00FDEA56 /* Alamofire.framework */; };
		6E4645691C7833D30036BAA2 /* Alamofire.framework in Embed Frameworks */ = {isa = PBXBuildFile; fileRef = 158D7F091C78244E00FDEA56 /* Alamofire.framework */; settings = {ATTRIBUTES = (CodeSignOnCopy, RemoveHeadersOnCopy, ); }; };
		6E4645701C785D6F0036BAA2 /* JoinSessionViewController.swift in Sources */ = {isa = PBXBuildFile; fileRef = 6E46456F1C785D6F0036BAA2 /* JoinSessionViewController.swift */; };
		6E4645721C78D0740036BAA2 /* MusicPlayerViewController.swift in Sources */ = {isa = PBXBuildFile; fileRef = 6E4645711C78D0740036BAA2 /* MusicPlayerViewController.swift */; };
		6E4645761C78E2530036BAA2 /* SongTableView.swift in Sources */ = {isa = PBXBuildFile; fileRef = 6E4645751C78E2530036BAA2 /* SongTableView.swift */; };
		6E4645781C78FF150036BAA2 /* NodeChunkManager.swift in Sources */ = {isa = PBXBuildFile; fileRef = 6E4645771C78FF150036BAA2 /* NodeChunkManager.swift */; };
		6E46457A1C7901540036BAA2 /* PlayerChunkManager.swift in Sources */ = {isa = PBXBuildFile; fileRef = 6E4645791C7901540036BAA2 /* PlayerChunkManager.swift */; };
		6E46457E1C799C9A0036BAA2 /* MeshStreamDelegate.swift in Sources */ = {isa = PBXBuildFile; fileRef = 6E46457D1C799C9A0036BAA2 /* MeshStreamDelegate.swift */; };
		6E4645801C79E5D40036BAA2 /* ProgressFillView.swift in Sources */ = {isa = PBXBuildFile; fileRef = 6E46457F1C79E5D40036BAA2 /* ProgressFillView.swift */; };
		6E4645821C79EF660036BAA2 /* Ultralight Beam.mp3 in Resources */ = {isa = PBXBuildFile; fileRef = 6E4645811C79EF660036BAA2 /* Ultralight Beam.mp3 */; };
		6E4645861C79FD530036BAA2 /* SVProgressHUD.framework in Frameworks */ = {isa = PBXBuildFile; fileRef = 6E4645851C79FD530036BAA2 /* SVProgressHUD.framework */; };
		6E4645871C79FD530036BAA2 /* SVProgressHUD.framework in Embed Frameworks */ = {isa = PBXBuildFile; fileRef = 6E4645851C79FD530036BAA2 /* SVProgressHUD.framework */; settings = {ATTRIBUTES = (CodeSignOnCopy, RemoveHeadersOnCopy, ); }; };
/* End PBXBuildFile section */

/* Begin PBXCopyFilesBuildPhase section */
		6E46456A1C7833D30036BAA2 /* Embed Frameworks */ = {
			isa = PBXCopyFilesBuildPhase;
			buildActionMask = 2147483647;
			dstPath = "";
			dstSubfolderSpec = 10;
			files = (
				6E4645671C7833D30036BAA2 /* Starscream.framework in Embed Frameworks */,
				6E4645691C7833D30036BAA2 /* Alamofire.framework in Embed Frameworks */,
				6E4645871C79FD530036BAA2 /* SVProgressHUD.framework in Embed Frameworks */,
				150FFDFF1C7867760090B436 /* SwiftyJSON.framework in Embed Frameworks */,
			);
			name = "Embed Frameworks";
			runOnlyForDeploymentPostprocessing = 0;
		};
/* End PBXCopyFilesBuildPhase section */

/* Begin PBXFileReference section */
		150FFDD31C78288F0090B436 /* UIColor+Hex.swift */ = {isa = PBXFileReference; fileEncoding = 4; lastKnownFileType = sourcecode.swift; path = "UIColor+Hex.swift"; sourceTree = "<group>"; };
		150FFDD61C7829830090B436 /* NavigationController.swift */ = {isa = PBXFileReference; fileEncoding = 4; lastKnownFileType = sourcecode.swift; path = NavigationController.swift; sourceTree = "<group>"; };
		150FFDD91C7829DA0090B436 /* SongCellBackground.swift */ = {isa = PBXFileReference; fileEncoding = 4; lastKnownFileType = sourcecode.swift; path = SongCellBackground.swift; sourceTree = "<group>"; };
		150FFDE61C78375C0090B436 /* NetworkFacade.swift */ = {isa = PBXFileReference; fileEncoding = 4; lastKnownFileType = sourcecode.swift; path = NetworkFacade.swift; sourceTree = "<group>"; };
		150FFDE71C78375C0090B436 /* NetworkingAccessor.swift */ = {isa = PBXFileReference; fileEncoding = 4; lastKnownFileType = sourcecode.swift; path = NetworkingAccessor.swift; sourceTree = "<group>"; };
		150FFDE81C78375C0090B436 /* NetworkObjects.swift */ = {isa = PBXFileReference; fileEncoding = 4; lastKnownFileType = sourcecode.swift; path = NetworkObjects.swift; sourceTree = "<group>"; };
		150FFDE91C78375C0090B436 /* RestNetworkAccessor.swift */ = {isa = PBXFileReference; fileEncoding = 4; lastKnownFileType = sourcecode.swift; path = RestNetworkAccessor.swift; sourceTree = "<group>"; };
		150FFDF81C7850F30090B436 /* ViewController.swift */ = {isa = PBXFileReference; fileEncoding = 4; lastKnownFileType = sourcecode.swift; path = ViewController.swift; sourceTree = "<group>"; };
		150FFDFA1C78604F0090B436 /* String+JSON.swift */ = {isa = PBXFileReference; fileEncoding = 4; lastKnownFileType = sourcecode.swift; path = "String+JSON.swift"; sourceTree = "<group>"; };
		150FFDFC1C78676D0090B436 /* SwiftyJSON.framework */ = {isa = PBXFileReference; lastKnownFileType = wrapper.framework; name = SwiftyJSON.framework; path = Carthage/Build/iOS/SwiftyJSON.framework; sourceTree = "<group>"; };
		150FFE001C78C3300090B436 /* SocketTesterViewController.swift */ = {isa = PBXFileReference; fileEncoding = 4; lastKnownFileType = sourcecode.swift; path = SocketTesterViewController.swift; sourceTree = "<group>"; };
		150FFE021C78C4D30090B436 /* SocketMessageParser.swift */ = {isa = PBXFileReference; fileEncoding = 4; lastKnownFileType = sourcecode.swift; path = SocketMessageParser.swift; sourceTree = "<group>"; };
		150FFE041C78CEBA0090B436 /* NSError+LocalizedDescription.swift */ = {isa = PBXFileReference; fileEncoding = 4; lastKnownFileType = sourcecode.swift; path = "NSError+LocalizedDescription.swift"; sourceTree = "<group>"; };
		1581CAEA1C7950D400A6DD48 /* SongManager.swift */ = {isa = PBXFileReference; fileEncoding = 4; lastKnownFileType = sourcecode.swift; path = SongManager.swift; sourceTree = "<group>"; };
		158D7F091C78244E00FDEA56 /* Alamofire.framework */ = {isa = PBXFileReference; lastKnownFileType = wrapper.framework; name = Alamofire.framework; path = Carthage/Build/iOS/Alamofire.framework; sourceTree = "<group>"; };
		158D7F0E1C7826E900FDEA56 /* Starscream.framework */ = {isa = PBXFileReference; lastKnownFileType = wrapper.framework; name = Starscream.framework; path = Carthage/Build/iOS/Starscream.framework; sourceTree = "<group>"; };
		158D7F101C7827B900FDEA56 /* Constants.swift */ = {isa = PBXFileReference; fileEncoding = 4; lastKnownFileType = sourcecode.swift; path = Constants.swift; sourceTree = "<group>"; };
		6E46453F1C781FC70036BAA2 /* SplitStreamr.app */ = {isa = PBXFileReference; explicitFileType = wrapper.application; includeInIndex = 0; path = SplitStreamr.app; sourceTree = BUILT_PRODUCTS_DIR; };
		6E4645421C781FC70036BAA2 /* AppDelegate.swift */ = {isa = PBXFileReference; lastKnownFileType = sourcecode.swift; path = AppDelegate.swift; sourceTree = "<group>"; };
		6E4645471C781FC70036BAA2 /* Base */ = {isa = PBXFileReference; lastKnownFileType = file.storyboard; name = Base; path = Base.lproj/Main.storyboard; sourceTree = "<group>"; };
		6E4645491C781FC70036BAA2 /* Assets.xcassets */ = {isa = PBXFileReference; lastKnownFileType = folder.assetcatalog; path = Assets.xcassets; sourceTree = "<group>"; };
		6E46454C1C781FC70036BAA2 /* Base */ = {isa = PBXFileReference; lastKnownFileType = file.storyboard; name = Base; path = Base.lproj/LaunchScreen.storyboard; sourceTree = "<group>"; };
		6E46454E1C781FC70036BAA2 /* Info.plist */ = {isa = PBXFileReference; lastKnownFileType = text.plist.xml; path = Info.plist; sourceTree = "<group>"; };
		6E4645541C7823230036BAA2 /* SessionManager.swift */ = {isa = PBXFileReference; fileEncoding = 4; lastKnownFileType = sourcecode.swift; path = SessionManager.swift; sourceTree = "<group>"; };
		6E46456F1C785D6F0036BAA2 /* JoinSessionViewController.swift */ = {isa = PBXFileReference; fileEncoding = 4; lastKnownFileType = sourcecode.swift; path = JoinSessionViewController.swift; sourceTree = "<group>"; };
		6E4645711C78D0740036BAA2 /* MusicPlayerViewController.swift */ = {isa = PBXFileReference; fileEncoding = 4; lastKnownFileType = sourcecode.swift; path = MusicPlayerViewController.swift; sourceTree = "<group>"; };
		6E4645751C78E2530036BAA2 /* SongTableView.swift */ = {isa = PBXFileReference; fileEncoding = 4; lastKnownFileType = sourcecode.swift; path = SongTableView.swift; sourceTree = "<group>"; };
		6E4645771C78FF150036BAA2 /* NodeChunkManager.swift */ = {isa = PBXFileReference; fileEncoding = 4; lastKnownFileType = sourcecode.swift; path = NodeChunkManager.swift; sourceTree = "<group>"; };
		6E4645791C7901540036BAA2 /* PlayerChunkManager.swift */ = {isa = PBXFileReference; fileEncoding = 4; lastKnownFileType = sourcecode.swift; path = PlayerChunkManager.swift; sourceTree = "<group>"; };
		6E46457D1C799C9A0036BAA2 /* MeshStreamDelegate.swift */ = {isa = PBXFileReference; fileEncoding = 4; lastKnownFileType = sourcecode.swift; path = MeshStreamDelegate.swift; sourceTree = "<group>"; };
		6E46457F1C79E5D40036BAA2 /* ProgressFillView.swift */ = {isa = PBXFileReference; fileEncoding = 4; lastKnownFileType = sourcecode.swift; path = ProgressFillView.swift; sourceTree = "<group>"; };
		6E4645811C79EF660036BAA2 /* Ultralight Beam.mp3 */ = {isa = PBXFileReference; lastKnownFileType = audio.mp3; path = "Ultralight Beam.mp3"; sourceTree = "<group>"; };
		6E4645831C79FD120036BAA2 /* SVProgressHUD.framework */ = {isa = PBXFileReference; lastKnownFileType = wrapper.framework; name = SVProgressHUD.framework; path = Carthage/Build/iOS/SVProgressHUD.framework; sourceTree = "<group>"; };
		6E4645851C79FD530036BAA2 /* SVProgressHUD.framework */ = {isa = PBXFileReference; lastKnownFileType = wrapper.framework; name = SVProgressHUD.framework; path = Carthage/Build/iOS/SVProgressHUD.framework; sourceTree = "<group>"; };
/* End PBXFileReference section */

/* Begin PBXFrameworksBuildPhase section */
		6E46453C1C781FC70036BAA2 /* Frameworks */ = {
			isa = PBXFrameworksBuildPhase;
			buildActionMask = 2147483647;
			files = (
				6E4645661C7833D30036BAA2 /* Starscream.framework in Frameworks */,
				6E4645681C7833D30036BAA2 /* Alamofire.framework in Frameworks */,
				6E4645861C79FD530036BAA2 /* SVProgressHUD.framework in Frameworks */,
				150FFDFE1C7867760090B436 /* SwiftyJSON.framework in Frameworks */,
			);
			runOnlyForDeploymentPostprocessing = 0;
		};
/* End PBXFrameworksBuildPhase section */

/* Begin PBXGroup section */
		150FFDD51C7828920090B436 /* Utilities */ = {
			isa = PBXGroup;
			children = (
				6E4645421C781FC70036BAA2 /* AppDelegate.swift */,
				158D7F101C7827B900FDEA56 /* Constants.swift */,
				150FFDD31C78288F0090B436 /* UIColor+Hex.swift */,
				150FFDFA1C78604F0090B436 /* String+JSON.swift */,
				150FFE041C78CEBA0090B436 /* NSError+LocalizedDescription.swift */,
			);
			name = Utilities;
			sourceTree = "<group>";
		};
		150FFDD81C7829910090B436 /* UISubClasses */ = {
			isa = PBXGroup;
			children = (
				150FFDD61C7829830090B436 /* NavigationController.swift */,
				150FFDD91C7829DA0090B436 /* SongCellBackground.swift */,
				6E46457F1C79E5D40036BAA2 /* ProgressFillView.swift */,
			);
			name = UISubClasses;
			sourceTree = "<group>";
		};
		150FFDE51C7837390090B436 /* Networking */ = {
			isa = PBXGroup;
			children = (
				150FFDE61C78375C0090B436 /* NetworkFacade.swift */,
				150FFDE91C78375C0090B436 /* RestNetworkAccessor.swift */,
				150FFE021C78C4D30090B436 /* SocketMessageParser.swift */,
				150FFDE81C78375C0090B436 /* NetworkObjects.swift */,
				150FFDE71C78375C0090B436 /* NetworkingAccessor.swift */,
			);
			name = Networking;
			sourceTree = "<group>";
		};
		158D7F0D1C78246500FDEA56 /* Frameworks */ = {
			isa = PBXGroup;
			children = (
				6E4645831C79FD120036BAA2 /* SVProgressHUD.framework */,
				150FFDFC1C78676D0090B436 /* SwiftyJSON.framework */,
				158D7F0E1C7826E900FDEA56 /* Starscream.framework */,
				158D7F091C78244E00FDEA56 /* Alamofire.framework */,
			);
			name = Frameworks;
			sourceTree = "<group>";
		};
		6E4645361C781FC70036BAA2 = {
			isa = PBXGroup;
			children = (
				6E4645851C79FD530036BAA2 /* SVProgressHUD.framework */,
				6E4645411C781FC70036BAA2 /* SplitStreamr */,
				158D7F0D1C78246500FDEA56 /* Frameworks */,
				6E4645401C781FC70036BAA2 /* Products */,
			);
			sourceTree = "<group>";
		};
		6E4645401C781FC70036BAA2 /* Products */ = {
			isa = PBXGroup;
			children = (
				6E46453F1C781FC70036BAA2 /* SplitStreamr.app */,
			);
			name = Products;
			sourceTree = "<group>";
		};
		6E4645411C781FC70036BAA2 /* SplitStreamr */ = {
			isa = PBXGroup;
			children = (
				6E4645811C79EF660036BAA2 /* Ultralight Beam.mp3 */,
				6E4645461C781FC70036BAA2 /* Main.storyboard */,
				6E46454B1C781FC70036BAA2 /* LaunchScreen.storyboard */,
				150FFDD51C7828920090B436 /* Utilities */,
				150FFDE51C7837390090B436 /* Networking */,
				150FFDD81C7829910090B436 /* UISubClasses */,
				6E46457C1C794ED80036BAA2 /* ViewControllers */,
				6E46457B1C794EAD0036BAA2 /* ChunkManagement */,
				6E46454E1C781FC70036BAA2 /* Info.plist */,
				6E4645491C781FC70036BAA2 /* Assets.xcassets */,
			);
			path = SplitStreamr;
			sourceTree = "<group>";
		};
		6E46457B1C794EAD0036BAA2 /* ChunkManagement */ = {
			isa = PBXGroup;
			children = (
				6E4645541C7823230036BAA2 /* SessionManager.swift */,
				6E4645771C78FF150036BAA2 /* NodeChunkManager.swift */,
				6E4645791C7901540036BAA2 /* PlayerChunkManager.swift */,
				1581CAEA1C7950D400A6DD48 /* SongManager.swift */,
				6E46457D1C799C9A0036BAA2 /* MeshStreamDelegate.swift */,
			);
			name = ChunkManagement;
			sourceTree = "<group>";
		};
		6E46457C1C794ED80036BAA2 /* ViewControllers */ = {
			isa = PBXGroup;
			children = (
				6E4645751C78E2530036BAA2 /* SongTableView.swift */,
				150FFDF81C7850F30090B436 /* ViewController.swift */,
				6E46456F1C785D6F0036BAA2 /* JoinSessionViewController.swift */,
				6E4645711C78D0740036BAA2 /* MusicPlayerViewController.swift */,
				150FFE001C78C3300090B436 /* SocketTesterViewController.swift */,
			);
			name = ViewControllers;
			sourceTree = "<group>";
		};
/* End PBXGroup section */

/* Begin PBXNativeTarget section */
		6E46453E1C781FC70036BAA2 /* SplitStreamr */ = {
			isa = PBXNativeTarget;
			buildConfigurationList = 6E4645511C781FC70036BAA2 /* Build configuration list for PBXNativeTarget "SplitStreamr" */;
			buildPhases = (
				6E46453B1C781FC70036BAA2 /* Sources */,
				6E46453C1C781FC70036BAA2 /* Frameworks */,
				6E46453D1C781FC70036BAA2 /* Resources */,
				6E46456A1C7833D30036BAA2 /* Embed Frameworks */,
			);
			buildRules = (
			);
			dependencies = (
			);
			name = SplitStreamr;
			productName = SplitStreamr;
			productReference = 6E46453F1C781FC70036BAA2 /* SplitStreamr.app */;
			productType = "com.apple.product-type.application";
		};
/* End PBXNativeTarget section */

/* Begin PBXProject section */
		6E4645371C781FC70036BAA2 /* Project object */ = {
			isa = PBXProject;
			attributes = {
				LastSwiftUpdateCheck = 0720;
				LastUpgradeCheck = 0720;
				ORGANIZATIONNAME = SplitStreamr;
				TargetAttributes = {
					6E46453E1C781FC70036BAA2 = {
						CreatedOnToolsVersion = 7.2.1;
						DevelopmentTeam = CX87MDXJNH;
					};
				};
			};
			buildConfigurationList = 6E46453A1C781FC70036BAA2 /* Build configuration list for PBXProject "SplitStreamr" */;
			compatibilityVersion = "Xcode 3.2";
			developmentRegion = English;
			hasScannedForEncodings = 0;
			knownRegions = (
				en,
				Base,
			);
			mainGroup = 6E4645361C781FC70036BAA2;
			productRefGroup = 6E4645401C781FC70036BAA2 /* Products */;
			projectDirPath = "";
			projectRoot = "";
			targets = (
				6E46453E1C781FC70036BAA2 /* SplitStreamr */,
			);
		};
/* End PBXProject section */

/* Begin PBXResourcesBuildPhase section */
		6E46453D1C781FC70036BAA2 /* Resources */ = {
			isa = PBXResourcesBuildPhase;
			buildActionMask = 2147483647;
			files = (
				6E46454D1C781FC70036BAA2 /* LaunchScreen.storyboard in Resources */,
				6E4645821C79EF660036BAA2 /* Ultralight Beam.mp3 in Resources */,
				6E46454A1C781FC70036BAA2 /* Assets.xcassets in Resources */,
				6E4645481C781FC70036BAA2 /* Main.storyboard in Resources */,
			);
			runOnlyForDeploymentPostprocessing = 0;
		};
/* End PBXResourcesBuildPhase section */

/* Begin PBXSourcesBuildPhase section */
		6E46453B1C781FC70036BAA2 /* Sources */ = {
			isa = PBXSourcesBuildPhase;
			buildActionMask = 2147483647;
			files = (
				150FFDEC1C78375C0090B436 /* NetworkObjects.swift in Sources */,
				150FFDD41C78288F0090B436 /* UIColor+Hex.swift in Sources */,
				150FFE011C78C3300090B436 /* SocketTesterViewController.swift in Sources */,
				150FFDED1C78375C0090B436 /* RestNetworkAccessor.swift in Sources */,
				150FFDEA1C78375C0090B436 /* NetworkFacade.swift in Sources */,
				150FFDD71C7829830090B436 /* NavigationController.swift in Sources */,
				150FFDDA1C7829DA0090B436 /* SongCellBackground.swift in Sources */,
				6E46457E1C799C9A0036BAA2 /* MeshStreamDelegate.swift in Sources */,
				1581CAEB1C7950D400A6DD48 /* SongManager.swift in Sources */,
				6E4645721C78D0740036BAA2 /* MusicPlayerViewController.swift in Sources */,
				6E4645761C78E2530036BAA2 /* SongTableView.swift in Sources */,
				6E4645431C781FC70036BAA2 /* AppDelegate.swift in Sources */,
				150FFDF91C7850F30090B436 /* ViewController.swift in Sources */,
				6E4645801C79E5D40036BAA2 /* ProgressFillView.swift in Sources */,
				6E4645781C78FF150036BAA2 /* NodeChunkManager.swift in Sources */,
				150FFDEB1C78375C0090B436 /* NetworkingAccessor.swift in Sources */,
				150FFE051C78CEBA0090B436 /* NSError+LocalizedDescription.swift in Sources */,
				6E4645701C785D6F0036BAA2 /* JoinSessionViewController.swift in Sources */,
				6E46457A1C7901540036BAA2 /* PlayerChunkManager.swift in Sources */,
				6E4645551C7823230036BAA2 /* SessionManager.swift in Sources */,
				150FFDFB1C78604F0090B436 /* String+JSON.swift in Sources */,
				150FFE031C78C4D30090B436 /* SocketMessageParser.swift in Sources */,
				158D7F111C7827B900FDEA56 /* Constants.swift in Sources */,
			);
			runOnlyForDeploymentPostprocessing = 0;
		};
/* End PBXSourcesBuildPhase section */

/* Begin PBXVariantGroup section */
		6E4645461C781FC70036BAA2 /* Main.storyboard */ = {
			isa = PBXVariantGroup;
			children = (
				6E4645471C781FC70036BAA2 /* Base */,
			);
			name = Main.storyboard;
			sourceTree = "<group>";
		};
		6E46454B1C781FC70036BAA2 /* LaunchScreen.storyboard */ = {
			isa = PBXVariantGroup;
			children = (
				6E46454C1C781FC70036BAA2 /* Base */,
			);
			name = LaunchScreen.storyboard;
			sourceTree = "<group>";
		};
/* End PBXVariantGroup section */

/* Begin XCBuildConfiguration section */
		6E46454F1C781FC70036BAA2 /* Debug */ = {
			isa = XCBuildConfiguration;
			buildSettings = {
				ALWAYS_SEARCH_USER_PATHS = NO;
				CLANG_CXX_LANGUAGE_STANDARD = "gnu++0x";
				CLANG_CXX_LIBRARY = "libc++";
				CLANG_ENABLE_MODULES = YES;
				CLANG_ENABLE_OBJC_ARC = YES;
				CLANG_WARN_BOOL_CONVERSION = YES;
				CLANG_WARN_CONSTANT_CONVERSION = YES;
				CLANG_WARN_DIRECT_OBJC_ISA_USAGE = YES_ERROR;
				CLANG_WARN_EMPTY_BODY = YES;
				CLANG_WARN_ENUM_CONVERSION = YES;
				CLANG_WARN_INT_CONVERSION = YES;
				CLANG_WARN_OBJC_ROOT_CLASS = YES_ERROR;
				CLANG_WARN_UNREACHABLE_CODE = YES;
				CLANG_WARN__DUPLICATE_METHOD_MATCH = YES;
				"CODE_SIGN_IDENTITY[sdk=iphoneos*]" = "iPhone Developer";
				COPY_PHASE_STRIP = NO;
				DEBUG_INFORMATION_FORMAT = dwarf;
				ENABLE_STRICT_OBJC_MSGSEND = YES;
				ENABLE_TESTABILITY = YES;
				GCC_C_LANGUAGE_STANDARD = gnu99;
				GCC_DYNAMIC_NO_PIC = NO;
				GCC_NO_COMMON_BLOCKS = YES;
				GCC_OPTIMIZATION_LEVEL = 0;
				GCC_PREPROCESSOR_DEFINITIONS = (
					"DEBUG=1",
					"$(inherited)",
				);
				GCC_WARN_64_TO_32_BIT_CONVERSION = YES;
				GCC_WARN_ABOUT_RETURN_TYPE = YES_ERROR;
				GCC_WARN_UNDECLARED_SELECTOR = YES;
				GCC_WARN_UNINITIALIZED_AUTOS = YES_AGGRESSIVE;
				GCC_WARN_UNUSED_FUNCTION = YES;
				GCC_WARN_UNUSED_VARIABLE = YES;
				IPHONEOS_DEPLOYMENT_TARGET = 9.2;
				MTL_ENABLE_DEBUG_INFO = YES;
				ONLY_ACTIVE_ARCH = YES;
				SDKROOT = iphoneos;
				SWIFT_OPTIMIZATION_LEVEL = "-Onone";
			};
			name = Debug;
		};
		6E4645501C781FC70036BAA2 /* Release */ = {
			isa = XCBuildConfiguration;
			buildSettings = {
				ALWAYS_SEARCH_USER_PATHS = NO;
				CLANG_CXX_LANGUAGE_STANDARD = "gnu++0x";
				CLANG_CXX_LIBRARY = "libc++";
				CLANG_ENABLE_MODULES = YES;
				CLANG_ENABLE_OBJC_ARC = YES;
				CLANG_WARN_BOOL_CONVERSION = YES;
				CLANG_WARN_CONSTANT_CONVERSION = YES;
				CLANG_WARN_DIRECT_OBJC_ISA_USAGE = YES_ERROR;
				CLANG_WARN_EMPTY_BODY = YES;
				CLANG_WARN_ENUM_CONVERSION = YES;
				CLANG_WARN_INT_CONVERSION = YES;
				CLANG_WARN_OBJC_ROOT_CLASS = YES_ERROR;
				CLANG_WARN_UNREACHABLE_CODE = YES;
				CLANG_WARN__DUPLICATE_METHOD_MATCH = YES;
				"CODE_SIGN_IDENTITY[sdk=iphoneos*]" = "iPhone Developer";
				COPY_PHASE_STRIP = NO;
				DEBUG_INFORMATION_FORMAT = "dwarf-with-dsym";
				ENABLE_NS_ASSERTIONS = NO;
				ENABLE_STRICT_OBJC_MSGSEND = YES;
				GCC_C_LANGUAGE_STANDARD = gnu99;
				GCC_NO_COMMON_BLOCKS = YES;
				GCC_WARN_64_TO_32_BIT_CONVERSION = YES;
				GCC_WARN_ABOUT_RETURN_TYPE = YES_ERROR;
				GCC_WARN_UNDECLARED_SELECTOR = YES;
				GCC_WARN_UNINITIALIZED_AUTOS = YES_AGGRESSIVE;
				GCC_WARN_UNUSED_FUNCTION = YES;
				GCC_WARN_UNUSED_VARIABLE = YES;
				IPHONEOS_DEPLOYMENT_TARGET = 9.2;
				MTL_ENABLE_DEBUG_INFO = NO;
				SDKROOT = iphoneos;
				VALIDATE_PRODUCT = YES;
			};
			name = Release;
		};
		6E4645521C781FC70036BAA2 /* Debug */ = {
			isa = XCBuildConfiguration;
			buildSettings = {
				ASSETCATALOG_COMPILER_APPICON_NAME = AppIcon;
				CODE_SIGN_IDENTITY = "iPhone Developer";
				"CODE_SIGN_IDENTITY[sdk=iphoneos*]" = "iPhone Developer";
				FRAMEWORK_SEARCH_PATHS = (
					"$(inherited)",
					"$(PROJECT_DIR)/Carthage/Build/iOS",
				);
				INFOPLIST_FILE = SplitStreamr/Info.plist;
				LD_RUNPATH_SEARCH_PATHS = "$(inherited) @executable_path/Frameworks";
				PRODUCT_BUNDLE_IDENTIFIER = SplitStreamr.SplitStreamr;
				PRODUCT_NAME = "$(TARGET_NAME)";
				PROVISIONING_PROFILE = "";
			};
			name = Debug;
		};
		6E4645531C781FC70036BAA2 /* Release */ = {
			isa = XCBuildConfiguration;
			buildSettings = {
				ASSETCATALOG_COMPILER_APPICON_NAME = AppIcon;
				CODE_SIGN_IDENTITY = "iPhone Developer";
				"CODE_SIGN_IDENTITY[sdk=iphoneos*]" = "iPhone Developer";
				FRAMEWORK_SEARCH_PATHS = (
					"$(inherited)",
					"$(PROJECT_DIR)/Carthage/Build/iOS",
				);
				INFOPLIST_FILE = SplitStreamr/Info.plist;
				LD_RUNPATH_SEARCH_PATHS = "$(inherited) @executable_path/Frameworks";
				PRODUCT_BUNDLE_IDENTIFIER = SplitStreamr.SplitStreamr;
				PRODUCT_NAME = "$(TARGET_NAME)";
				PROVISIONING_PROFILE = "";
			};
			name = Release;
		};
/* End XCBuildConfiguration section */

/* Begin XCConfigurationList section */
		6E46453A1C781FC70036BAA2 /* Build configuration list for PBXProject "SplitStreamr" */ = {
			isa = XCConfigurationList;
			buildConfigurations = (
				6E46454F1C781FC70036BAA2 /* Debug */,
				6E4645501C781FC70036BAA2 /* Release */,
			);
			defaultConfigurationIsVisible = 0;
			defaultConfigurationName = Release;
		};
		6E4645511C781FC70036BAA2 /* Build configuration list for PBXNativeTarget "SplitStreamr" */ = {
			isa = XCConfigurationList;
			buildConfigurations = (
				6E4645521C781FC70036BAA2 /* Debug */,
				6E4645531C781FC70036BAA2 /* Release */,
			);
			defaultConfigurationIsVisible = 0;
			defaultConfigurationName = Release;
		};
/* End XCConfigurationList section */
	};
	rootObject = 6E4645371C781FC70036BAA2 /* Project object */;
}
